// !$*UTF8*$!
{
	archiveVersion = 1;
	classes = {
	};
	objectVersion = 46;
	objects = {

/* Begin PBXBuildFile section */
		638A744B1B236A4300157C64 /* MapViewController.swift in Sources */ = {isa = PBXBuildFile; fileRef = 638A744A1B236A4300157C64 /* MapViewController.swift */; };
		638A744D1B236A8200157C64 /* ResultDetailViewController.swift in Sources */ = {isa = PBXBuildFile; fileRef = 638A744C1B236A8200157C64 /* ResultDetailViewController.swift */; };
		638A744F1B236F3C00157C64 /* HTTPCommunication.swift in Sources */ = {isa = PBXBuildFile; fileRef = 638A744E1B236F3C00157C64 /* HTTPCommunication.swift */; };
		63B1C1861B236230004459DB /* CameraViewController.swift in Sources */ = {isa = PBXBuildFile; fileRef = 63B1C1851B236230004459DB /* CameraViewController.swift */; };
		63B1C1881B23629C004459DB /* ResultsTableViewController.swift in Sources */ = {isa = PBXBuildFile; fileRef = 63B1C1871B23629C004459DB /* ResultsTableViewController.swift */; };
		63DAD7041B2278A700EDC230 /* AppDelegate.swift in Sources */ = {isa = PBXBuildFile; fileRef = 63DAD7031B2278A700EDC230 /* AppDelegate.swift */; };
		63DAD7061B2278A700EDC230 /* FirstViewController.swift in Sources */ = {isa = PBXBuildFile; fileRef = 63DAD7051B2278A700EDC230 /* FirstViewController.swift */; };
		63DAD7081B2278A700EDC230 /* CollectionViewController.swift in Sources */ = {isa = PBXBuildFile; fileRef = 63DAD7071B2278A700EDC230 /* CollectionViewController.swift */; };
		63DAD70B1B2278A700EDC230 /* Main.storyboard in Resources */ = {isa = PBXBuildFile; fileRef = 63DAD7091B2278A700EDC230 /* Main.storyboard */; };
		63DAD70D1B2278A700EDC230 /* Images.xcassets in Resources */ = {isa = PBXBuildFile; fileRef = 63DAD70C1B2278A700EDC230 /* Images.xcassets */; };
		63DAD7101B2278A700EDC230 /* LaunchScreen.xib in Resources */ = {isa = PBXBuildFile; fileRef = 63DAD70E1B2278A700EDC230 /* LaunchScreen.xib */; };
		63DAD71C1B2278A800EDC230 /* fishYouWereHereFinalTests.swift in Sources */ = {isa = PBXBuildFile; fileRef = 63DAD71B1B2278A800EDC230 /* fishYouWereHereFinalTests.swift */; };
		63DAD7271B227F2F00EDC230 /* firstViewControllerScreenShot.png in Resources */ = {isa = PBXBuildFile; fileRef = 63DAD7251B227F2F00EDC230 /* firstViewControllerScreenShot.png */; };
		63DAD7281B227F2F00EDC230 /* fish2.png in Resources */ = {isa = PBXBuildFile; fileRef = 63DAD7261B227F2F00EDC230 /* fish2.png */; };
		63DAD72A1B227F8000EDC230 /* GotoMainController.swift in Sources */ = {isa = PBXBuildFile; fileRef = 63DAD7291B227F8000EDC230 /* GotoMainController.swift */; };
		63E5FA9A1B23D12C00747E81 /* MapAnnotation.swift in Sources */ = {isa = PBXBuildFile; fileRef = 63E5FA991B23D12C00747E81 /* MapAnnotation.swift */; };
		63E5FA9C1B23D18700747E81 /* MapKit.framework in Frameworks */ = {isa = PBXBuildFile; fileRef = 63E5FA9B1B23D18600747E81 /* MapKit.framework */; };
		E904334F1B2411CC0088B8A1 /* FormViewController.swift in Sources */ = {isa = PBXBuildFile; fileRef = E904334E1B2411CC0088B8A1 /* FormViewController.swift */; };
		E90433511B2414130088B8A1 /* fish.png in Resources */ = {isa = PBXBuildFile; fileRef = E90433501B2414130088B8A1 /* fish.png */; };
		E930BDAA1B22D44D009B9EE0 /* fishackathon2015.plist in Resources */ = {isa = PBXBuildFile; fileRef = E930BDA91B22D44D009B9EE0 /* fishackathon2015.plist */; };
		E930BDAC1B22DE19009B9EE0 /* CollectionViewCell.swift in Sources */ = {isa = PBXBuildFile; fileRef = E930BDAB1B22DE19009B9EE0 /* CollectionViewCell.swift */; };
		E930BDAE1B22E289009B9EE0 /* Swift.png in Resources */ = {isa = PBXBuildFile; fileRef = E930BDAD1B22E289009B9EE0 /* Swift.png */; };
		E95420611B23127400F265D4 /* Bolts.framework in Frameworks */ = {isa = PBXBuildFile; fileRef = E954205B1B23127400F265D4 /* Bolts.framework */; };
		E95420621B23127500F265D4 /* Parse.framework in Frameworks */ = {isa = PBXBuildFile; fileRef = E954205C1B23127400F265D4 /* Parse.framework */; };
		E95420631B23127500F265D4 /* ParseCrashReporting.framework in Frameworks */ = {isa = PBXBuildFile; fileRef = E954205D1B23127400F265D4 /* ParseCrashReporting.framework */; };
		E95420661B23127500F265D4 /* ParseUI.framework in Frameworks */ = {isa = PBXBuildFile; fileRef = E95420601B23127400F265D4 /* ParseUI.framework */; };
		E954206A1B2313DF00F265D4 /* Social.framework in Frameworks */ = {isa = PBXBuildFile; fileRef = E95420691B2313DF00F265D4 /* Social.framework */; };
		E954206C1B2313E900F265D4 /* MobileCoreServices.framework in Frameworks */ = {isa = PBXBuildFile; fileRef = E954206B1B2313E900F265D4 /* MobileCoreServices.framework */; };
		E954206E1B2313F200F265D4 /* CoreGraphics.framework in Frameworks */ = {isa = PBXBuildFile; fileRef = E954206D1B2313F200F265D4 /* CoreGraphics.framework */; };
		E95420701B2313FD00F265D4 /* CoreLocation.framework in Frameworks */ = {isa = PBXBuildFile; fileRef = E954206F1B2313FD00F265D4 /* CoreLocation.framework */; };
		E95420721B23140600F265D4 /* StoreKit.framework in Frameworks */ = {isa = PBXBuildFile; fileRef = E95420711B23140600F265D4 /* StoreKit.framework */; };
		E95420741B23140F00F265D4 /* SystemConfiguration.framework in Frameworks */ = {isa = PBXBuildFile; fileRef = E95420731B23140F00F265D4 /* SystemConfiguration.framework */; };
		E95420761B23141800F265D4 /* AudioToolbox.framework in Frameworks */ = {isa = PBXBuildFile; fileRef = E95420751B23141800F265D4 /* AudioToolbox.framework */; };
		E95420781B23142100F265D4 /* libz.1.1.3.dylib in Frameworks */ = {isa = PBXBuildFile; fileRef = E95420771B23142100F265D4 /* libz.1.1.3.dylib */; };
		E954207A1B23142800F265D4 /* Security.framework in Frameworks */ = {isa = PBXBuildFile; fileRef = E95420791B23142800F265D4 /* Security.framework */; };
		E954207C1B23143E00F265D4 /* Accounts.framework in Frameworks */ = {isa = PBXBuildFile; fileRef = E954207B1B23143E00F265D4 /* Accounts.framework */; };
		E954207F1B231B0100F265D4 /* libsqlite3.dylib in Frameworks */ = {isa = PBXBuildFile; fileRef = E954207E1B231B0100F265D4 /* libsqlite3.dylib */; };
		E9C1477B1B243C3C00009C5B /* submitBtn.png in Resources */ = {isa = PBXBuildFile; fileRef = E9C1477A1B243C3C00009C5B /* submitBtn.png */; };
/* End PBXBuildFile section */

/* Begin PBXContainerItemProxy section */
		63DAD7161B2278A800EDC230 /* PBXContainerItemProxy */ = {
			isa = PBXContainerItemProxy;
			containerPortal = 63DAD6F61B2278A700EDC230 /* Project object */;
			proxyType = 1;
			remoteGlobalIDString = 63DAD6FD1B2278A700EDC230;
			remoteInfo = fishYouWereHereFinal;
		};
/* End PBXContainerItemProxy section */

/* Begin PBXCopyFilesBuildPhase section */
		638A746F1B23877D00157C64 /* Embed Frameworks */ = {
			isa = PBXCopyFilesBuildPhase;
			buildActionMask = 2147483647;
			dstPath = "";
			dstSubfolderSpec = 10;
			files = (
			);
			name = "Embed Frameworks";
			runOnlyForDeploymentPostprocessing = 0;
		};
/* End PBXCopyFilesBuildPhase section */

/* Begin PBXFileReference section */
		638A744A1B236A4300157C64 /* MapViewController.swift */ = {isa = PBXFileReference; fileEncoding = 4; lastKnownFileType = sourcecode.swift; path = MapViewController.swift; sourceTree = "<group>"; };
		638A744C1B236A8200157C64 /* ResultDetailViewController.swift */ = {isa = PBXFileReference; fileEncoding = 4; lastKnownFileType = sourcecode.swift; path = ResultDetailViewController.swift; sourceTree = "<group>"; };
		638A744E1B236F3C00157C64 /* HTTPCommunication.swift */ = {isa = PBXFileReference; fileEncoding = 4; lastKnownFileType = sourcecode.swift; path = HTTPCommunication.swift; sourceTree = "<group>"; };
		63B1C1851B236230004459DB /* CameraViewController.swift */ = {isa = PBXFileReference; fileEncoding = 4; lastKnownFileType = sourcecode.swift; path = CameraViewController.swift; sourceTree = "<group>"; };
		63B1C1871B23629C004459DB /* ResultsTableViewController.swift */ = {isa = PBXFileReference; fileEncoding = 4; lastKnownFileType = sourcecode.swift; path = ResultsTableViewController.swift; sourceTree = "<group>"; };
		63DAD6FE1B2278A700EDC230 /* fishYouWereHereFinal.app */ = {isa = PBXFileReference; explicitFileType = wrapper.application; includeInIndex = 0; path = fishYouWereHereFinal.app; sourceTree = BUILT_PRODUCTS_DIR; };
		63DAD7021B2278A700EDC230 /* Info.plist */ = {isa = PBXFileReference; lastKnownFileType = text.plist.xml; path = Info.plist; sourceTree = "<group>"; };
		63DAD7031B2278A700EDC230 /* AppDelegate.swift */ = {isa = PBXFileReference; lastKnownFileType = sourcecode.swift; path = AppDelegate.swift; sourceTree = "<group>"; };
		63DAD7051B2278A700EDC230 /* FirstViewController.swift */ = {isa = PBXFileReference; lastKnownFileType = sourcecode.swift; path = FirstViewController.swift; sourceTree = "<group>"; };
		63DAD7071B2278A700EDC230 /* CollectionViewController.swift */ = {isa = PBXFileReference; lastKnownFileType = sourcecode.swift; path = CollectionViewController.swift; sourceTree = "<group>"; };
		63DAD70A1B2278A700EDC230 /* Base */ = {isa = PBXFileReference; lastKnownFileType = file.storyboard; name = Base; path = Base.lproj/Main.storyboard; sourceTree = "<group>"; };
		63DAD70C1B2278A700EDC230 /* Images.xcassets */ = {isa = PBXFileReference; lastKnownFileType = folder.assetcatalog; path = Images.xcassets; sourceTree = "<group>"; };
		63DAD70F1B2278A700EDC230 /* Base */ = {isa = PBXFileReference; lastKnownFileType = file.xib; name = Base; path = Base.lproj/LaunchScreen.xib; sourceTree = "<group>"; };
		63DAD7151B2278A800EDC230 /* fishYouWereHereFinalTests.xctest */ = {isa = PBXFileReference; explicitFileType = wrapper.cfbundle; includeInIndex = 0; path = fishYouWereHereFinalTests.xctest; sourceTree = BUILT_PRODUCTS_DIR; };
		63DAD71A1B2278A800EDC230 /* Info.plist */ = {isa = PBXFileReference; lastKnownFileType = text.plist.xml; path = Info.plist; sourceTree = "<group>"; };
		63DAD71B1B2278A800EDC230 /* fishYouWereHereFinalTests.swift */ = {isa = PBXFileReference; lastKnownFileType = sourcecode.swift; path = fishYouWereHereFinalTests.swift; sourceTree = "<group>"; };
		63DAD7251B227F2F00EDC230 /* firstViewControllerScreenShot.png */ = {isa = PBXFileReference; lastKnownFileType = image.png; path = firstViewControllerScreenShot.png; sourceTree = "<group>"; };
		63DAD7261B227F2F00EDC230 /* fish2.png */ = {isa = PBXFileReference; lastKnownFileType = image.png; path = fish2.png; sourceTree = "<group>"; };
		63DAD7291B227F8000EDC230 /* GotoMainController.swift */ = {isa = PBXFileReference; fileEncoding = 4; lastKnownFileType = sourcecode.swift; path = GotoMainController.swift; sourceTree = "<group>"; };
		63E5FA991B23D12C00747E81 /* MapAnnotation.swift */ = {isa = PBXFileReference; fileEncoding = 4; lastKnownFileType = sourcecode.swift; path = MapAnnotation.swift; sourceTree = "<group>"; };
		63E5FA9B1B23D18600747E81 /* MapKit.framework */ = {isa = PBXFileReference; lastKnownFileType = wrapper.framework; name = MapKit.framework; path = System/Library/Frameworks/MapKit.framework; sourceTree = SDKROOT; };
		E904334E1B2411CC0088B8A1 /* FormViewController.swift */ = {isa = PBXFileReference; fileEncoding = 4; lastKnownFileType = sourcecode.swift; name = FormViewController.swift; path = ../FormViewController.swift; sourceTree = "<group>"; };
		E90433501B2414130088B8A1 /* fish.png */ = {isa = PBXFileReference; lastKnownFileType = image.png; path = fish.png; sourceTree = "<group>"; };
		E92B6BD91B231CA80099B367 /* fishYouWereHereFinal-Bridging-Header.h */ = {isa = PBXFileReference; lastKnownFileType = sourcecode.c.h; path = "fishYouWereHereFinal-Bridging-Header.h"; sourceTree = "<group>"; };
		E930BDA91B22D44D009B9EE0 /* fishackathon2015.plist */ = {isa = PBXFileReference; fileEncoding = 4; lastKnownFileType = text.plist.xml; path = fishackathon2015.plist; sourceTree = "<group>"; };
		E930BDAB1B22DE19009B9EE0 /* CollectionViewCell.swift */ = {isa = PBXFileReference; fileEncoding = 4; lastKnownFileType = sourcecode.swift; path = CollectionViewCell.swift; sourceTree = "<group>"; };
		E930BDAD1B22E289009B9EE0 /* Swift.png */ = {isa = PBXFileReference; lastKnownFileType = image.png; path = Swift.png; sourceTree = "<group>"; };
		E954205B1B23127400F265D4 /* Bolts.framework */ = {isa = PBXFileReference; lastKnownFileType = wrapper.framework; path = Bolts.framework; sourceTree = "<group>"; };
		E954205C1B23127400F265D4 /* Parse.framework */ = {isa = PBXFileReference; lastKnownFileType = wrapper.framework; path = Parse.framework; sourceTree = "<group>"; };
		E954205D1B23127400F265D4 /* ParseCrashReporting.framework */ = {isa = PBXFileReference; lastKnownFileType = wrapper.framework; path = ParseCrashReporting.framework; sourceTree = "<group>"; };
		E95420601B23127400F265D4 /* ParseUI.framework */ = {isa = PBXFileReference; lastKnownFileType = wrapper.framework; path = ParseUI.framework; sourceTree = "<group>"; };
		E95420691B2313DF00F265D4 /* Social.framework */ = {isa = PBXFileReference; lastKnownFileType = wrapper.framework; name = Social.framework; path = System/Library/Frameworks/Social.framework; sourceTree = SDKROOT; };
		E954206B1B2313E900F265D4 /* MobileCoreServices.framework */ = {isa = PBXFileReference; lastKnownFileType = wrapper.framework; name = MobileCoreServices.framework; path = System/Library/Frameworks/MobileCoreServices.framework; sourceTree = SDKROOT; };
		E954206D1B2313F200F265D4 /* CoreGraphics.framework */ = {isa = PBXFileReference; lastKnownFileType = wrapper.framework; name = CoreGraphics.framework; path = System/Library/Frameworks/CoreGraphics.framework; sourceTree = SDKROOT; };
		E954206F1B2313FD00F265D4 /* CoreLocation.framework */ = {isa = PBXFileReference; lastKnownFileType = wrapper.framework; name = CoreLocation.framework; path = System/Library/Frameworks/CoreLocation.framework; sourceTree = SDKROOT; };
		E95420711B23140600F265D4 /* StoreKit.framework */ = {isa = PBXFileReference; lastKnownFileType = wrapper.framework; name = StoreKit.framework; path = System/Library/Frameworks/StoreKit.framework; sourceTree = SDKROOT; };
		E95420731B23140F00F265D4 /* SystemConfiguration.framework */ = {isa = PBXFileReference; lastKnownFileType = wrapper.framework; name = SystemConfiguration.framework; path = System/Library/Frameworks/SystemConfiguration.framework; sourceTree = SDKROOT; };
		E95420751B23141800F265D4 /* AudioToolbox.framework */ = {isa = PBXFileReference; lastKnownFileType = wrapper.framework; name = AudioToolbox.framework; path = System/Library/Frameworks/AudioToolbox.framework; sourceTree = SDKROOT; };
		E95420771B23142100F265D4 /* libz.1.1.3.dylib */ = {isa = PBXFileReference; lastKnownFileType = "compiled.mach-o.dylib"; name = libz.1.1.3.dylib; path = usr/lib/libz.1.1.3.dylib; sourceTree = SDKROOT; };
		E95420791B23142800F265D4 /* Security.framework */ = {isa = PBXFileReference; lastKnownFileType = wrapper.framework; name = Security.framework; path = System/Library/Frameworks/Security.framework; sourceTree = SDKROOT; };
		E954207B1B23143E00F265D4 /* Accounts.framework */ = {isa = PBXFileReference; lastKnownFileType = wrapper.framework; name = Accounts.framework; path = System/Library/Frameworks/Accounts.framework; sourceTree = SDKROOT; };
		E954207E1B231B0100F265D4 /* libsqlite3.dylib */ = {isa = PBXFileReference; lastKnownFileType = "compiled.mach-o.dylib"; name = libsqlite3.dylib; path = usr/lib/libsqlite3.dylib; sourceTree = SDKROOT; };
		E9C1477A1B243C3C00009C5B /* submitBtn.png */ = {isa = PBXFileReference; lastKnownFileType = image.png; path = submitBtn.png; sourceTree = "<group>"; };
/* End PBXFileReference section */

/* Begin PBXFrameworksBuildPhase section */
		63DAD6FB1B2278A700EDC230 /* Frameworks */ = {
			isa = PBXFrameworksBuildPhase;
			buildActionMask = 2147483647;
			files = (
				E954206C1B2313E900F265D4 /* MobileCoreServices.framework in Frameworks */,
				63E5FA9C1B23D18700747E81 /* MapKit.framework in Frameworks */,
				E954207F1B231B0100F265D4 /* libsqlite3.dylib in Frameworks */,
				E954207C1B23143E00F265D4 /* Accounts.framework in Frameworks */,
				E954207A1B23142800F265D4 /* Security.framework in Frameworks */,
				E95420781B23142100F265D4 /* libz.1.1.3.dylib in Frameworks */,
				E95420761B23141800F265D4 /* AudioToolbox.framework in Frameworks */,
				E95420741B23140F00F265D4 /* SystemConfiguration.framework in Frameworks */,
				E95420721B23140600F265D4 /* StoreKit.framework in Frameworks */,
				E95420701B2313FD00F265D4 /* CoreLocation.framework in Frameworks */,
				E954206E1B2313F200F265D4 /* CoreGraphics.framework in Frameworks */,
				E954206A1B2313DF00F265D4 /* Social.framework in Frameworks */,
				E95420661B23127500F265D4 /* ParseUI.framework in Frameworks */,
				E95420621B23127500F265D4 /* Parse.framework in Frameworks */,
				E95420631B23127500F265D4 /* ParseCrashReporting.framework in Frameworks */,
				E95420611B23127400F265D4 /* Bolts.framework in Frameworks */,
			);
			runOnlyForDeploymentPostprocessing = 0;
		};
		63DAD7121B2278A800EDC230 /* Frameworks */ = {
			isa = PBXFrameworksBuildPhase;
			buildActionMask = 2147483647;
			files = (
			);
			runOnlyForDeploymentPostprocessing = 0;
		};
/* End PBXFrameworksBuildPhase section */

/* Begin PBXGroup section */
		638A74491B2369F300157C64 /* Controllers */ = {
			isa = PBXGroup;
			children = (
				63B1C1851B236230004459DB /* CameraViewController.swift */,
				E904334E1B2411CC0088B8A1 /* FormViewController.swift */,
				63DAD7291B227F8000EDC230 /* GotoMainController.swift */,
				63DAD7051B2278A700EDC230 /* FirstViewController.swift */,
				63B1C1871B23629C004459DB /* ResultsTableViewController.swift */,
				63DAD7071B2278A700EDC230 /* CollectionViewController.swift */,
				638A744A1B236A4300157C64 /* MapViewController.swift */,
				638A744C1B236A8200157C64 /* ResultDetailViewController.swift */,
			);
			name = Controllers;
			sourceTree = "<group>";
		};
		638A74501B236F4000157C64 /* Models */ = {
			isa = PBXGroup;
			children = (
				638A744E1B236F3C00157C64 /* HTTPCommunication.swift */,
				E930BDAB1B22DE19009B9EE0 /* CollectionViewCell.swift */,
				63E5FA991B23D12C00747E81 /* MapAnnotation.swift */,
			);
			name = Models;
			sourceTree = "<group>";
		};
		63DAD6F51B2278A700EDC230 = {
			isa = PBXGroup;
			children = (
				E92B6BD91B231CA80099B367 /* fishYouWereHereFinal-Bridging-Header.h */,
				63DAD7001B2278A700EDC230 /* fishYouWereHereFinal */,
				63DAD7181B2278A800EDC230 /* fishYouWereHereFinalTests */,
				63DAD6FF1B2278A700EDC230 /* Products */,
			);
			sourceTree = "<group>";
		};
		63DAD6FF1B2278A700EDC230 /* Products */ = {
			isa = PBXGroup;
			children = (
				63DAD6FE1B2278A700EDC230 /* fishYouWereHereFinal.app */,
				63DAD7151B2278A800EDC230 /* fishYouWereHereFinalTests.xctest */,
			);
			name = Products;
			sourceTree = "<group>";
		};
		63DAD7001B2278A700EDC230 /* fishYouWereHereFinal */ = {
			isa = PBXGroup;
			children = (
				638A74501B236F4000157C64 /* Models */,
				638A74491B2369F300157C64 /* Controllers */,
				63DAD7091B2278A700EDC230 /* Main.storyboard */,
				63DAD7031B2278A700EDC230 /* AppDelegate.swift */,
				63DAD70C1B2278A700EDC230 /* Images.xcassets */,
				63DAD70E1B2278A700EDC230 /* LaunchScreen.xib */,
				63DAD7251B227F2F00EDC230 /* firstViewControllerScreenShot.png */,
				E9C1477A1B243C3C00009C5B /* submitBtn.png */,
				E90433501B2414130088B8A1 /* fish.png */,
				63DAD7261B227F2F00EDC230 /* fish2.png */,
				E930BDAD1B22E289009B9EE0 /* Swift.png */,
				E95420671B23128400F265D4 /* Frameworks */,
				63DAD7011B2278A700EDC230 /* Supporting Files */,
			);
			path = fishYouWereHereFinal;
			sourceTree = "<group>";
		};
		63DAD7011B2278A700EDC230 /* Supporting Files */ = {
			isa = PBXGroup;
			children = (
				E930BDA91B22D44D009B9EE0 /* fishackathon2015.plist */,
				63DAD7021B2278A700EDC230 /* Info.plist */,
			);
			name = "Supporting Files";
			sourceTree = "<group>";
		};
		63DAD7181B2278A800EDC230 /* fishYouWereHereFinalTests */ = {
			isa = PBXGroup;
			children = (
				63DAD71B1B2278A800EDC230 /* fishYouWereHereFinalTests.swift */,
				63DAD7191B2278A800EDC230 /* Supporting Files */,
			);
			path = fishYouWereHereFinalTests;
			sourceTree = "<group>";
		};
		63DAD7191B2278A800EDC230 /* Supporting Files */ = {
			isa = PBXGroup;
			children = (
				63DAD71A1B2278A800EDC230 /* Info.plist */,
			);
			name = "Supporting Files";
			sourceTree = "<group>";
		};
		E95420671B23128400F265D4 /* Frameworks */ = {
			isa = PBXGroup;
			children = (
				63E5FA9B1B23D18600747E81 /* MapKit.framework */,
				E954207B1B23143E00F265D4 /* Accounts.framework */,
				E95420791B23142800F265D4 /* Security.framework */,
				E95420771B23142100F265D4 /* libz.1.1.3.dylib */,
				E954207E1B231B0100F265D4 /* libsqlite3.dylib */,
				E95420751B23141800F265D4 /* AudioToolbox.framework */,
				E95420731B23140F00F265D4 /* SystemConfiguration.framework */,
				E95420711B23140600F265D4 /* StoreKit.framework */,
				E954206F1B2313FD00F265D4 /* CoreLocation.framework */,
				E954206D1B2313F200F265D4 /* CoreGraphics.framework */,
				E954206B1B2313E900F265D4 /* MobileCoreServices.framework */,
				E95420691B2313DF00F265D4 /* Social.framework */,
				E954205B1B23127400F265D4 /* Bolts.framework */,
				E954205C1B23127400F265D4 /* Parse.framework */,
				E954205D1B23127400F265D4 /* ParseCrashReporting.framework */,
				E95420601B23127400F265D4 /* ParseUI.framework */,
			);
			name = Frameworks;
			sourceTree = "<group>";
		};
/* End PBXGroup section */

/* Begin PBXNativeTarget section */
		63DAD6FD1B2278A700EDC230 /* fishYouWereHereFinal */ = {
			isa = PBXNativeTarget;
			buildConfigurationList = 63DAD71F1B2278A800EDC230 /* Build configuration list for PBXNativeTarget "fishYouWereHereFinal" */;
			buildPhases = (
				63DAD6FA1B2278A700EDC230 /* Sources */,
				63DAD6FB1B2278A700EDC230 /* Frameworks */,
				63DAD6FC1B2278A700EDC230 /* Resources */,
				638A746F1B23877D00157C64 /* Embed Frameworks */,
			);
			buildRules = (
			);
			dependencies = (
			);
			name = fishYouWereHereFinal;
			productName = fishYouWereHereFinal;
			productReference = 63DAD6FE1B2278A700EDC230 /* fishYouWereHereFinal.app */;
			productType = "com.apple.product-type.application";
		};
		63DAD7141B2278A800EDC230 /* fishYouWereHereFinalTests */ = {
			isa = PBXNativeTarget;
			buildConfigurationList = 63DAD7221B2278A800EDC230 /* Build configuration list for PBXNativeTarget "fishYouWereHereFinalTests" */;
			buildPhases = (
				63DAD7111B2278A800EDC230 /* Sources */,
				63DAD7121B2278A800EDC230 /* Frameworks */,
				63DAD7131B2278A800EDC230 /* Resources */,
			);
			buildRules = (
			);
			dependencies = (
				63DAD7171B2278A800EDC230 /* PBXTargetDependency */,
			);
			name = fishYouWereHereFinalTests;
			productName = fishYouWereHereFinalTests;
			productReference = 63DAD7151B2278A800EDC230 /* fishYouWereHereFinalTests.xctest */;
			productType = "com.apple.product-type.bundle.unit-test";
		};
/* End PBXNativeTarget section */

/* Begin PBXProject section */
		63DAD6F61B2278A700EDC230 /* Project object */ = {
			isa = PBXProject;
			attributes = {
				LastUpgradeCheck = 0630;
				ORGANIZATIONNAME = "Gavin Thompson";
				TargetAttributes = {
					63DAD6FD1B2278A700EDC230 = {
						CreatedOnToolsVersion = 6.3.2;
					};
					63DAD7141B2278A800EDC230 = {
						CreatedOnToolsVersion = 6.3.2;
						TestTargetID = 63DAD6FD1B2278A700EDC230;
					};
				};
			};
			buildConfigurationList = 63DAD6F91B2278A700EDC230 /* Build configuration list for PBXProject "fishYouWereHereFinal" */;
			compatibilityVersion = "Xcode 3.2";
			developmentRegion = English;
			hasScannedForEncodings = 0;
			knownRegions = (
				en,
				Base,
			);
			mainGroup = 63DAD6F51B2278A700EDC230;
			productRefGroup = 63DAD6FF1B2278A700EDC230 /* Products */;
			projectDirPath = "";
			projectRoot = "";
			targets = (
				63DAD6FD1B2278A700EDC230 /* fishYouWereHereFinal */,
				63DAD7141B2278A800EDC230 /* fishYouWereHereFinalTests */,
			);
		};
/* End PBXProject section */

/* Begin PBXResourcesBuildPhase section */
		63DAD6FC1B2278A700EDC230 /* Resources */ = {
			isa = PBXResourcesBuildPhase;
			buildActionMask = 2147483647;
			files = (
				63DAD70B1B2278A700EDC230 /* Main.storyboard in Resources */,
				E9C1477B1B243C3C00009C5B /* submitBtn.png in Resources */,
				63DAD7281B227F2F00EDC230 /* fish2.png in Resources */,
				63DAD7101B2278A700EDC230 /* LaunchScreen.xib in Resources */,
				63DAD70D1B2278A700EDC230 /* Images.xcassets in Resources */,
				63DAD7271B227F2F00EDC230 /* firstViewControllerScreenShot.png in Resources */,
				E90433511B2414130088B8A1 /* fish.png in Resources */,
				E930BDAA1B22D44D009B9EE0 /* fishackathon2015.plist in Resources */,
				E930BDAE1B22E289009B9EE0 /* Swift.png in Resources */,
			);
			runOnlyForDeploymentPostprocessing = 0;
		};
		63DAD7131B2278A800EDC230 /* Resources */ = {
			isa = PBXResourcesBuildPhase;
			buildActionMask = 2147483647;
			files = (
			);
			runOnlyForDeploymentPostprocessing = 0;
		};
/* End PBXResourcesBuildPhase section */

/* Begin PBXSourcesBuildPhase section */
		63DAD6FA1B2278A700EDC230 /* Sources */ = {
			isa = PBXSourcesBuildPhase;
			buildActionMask = 2147483647;
			files = (
				E930BDAC1B22DE19009B9EE0 /* CollectionViewCell.swift in Sources */,
				63B1C1881B23629C004459DB /* ResultsTableViewController.swift in Sources */,
				63DAD7081B2278A700EDC230 /* CollectionViewController.swift in Sources */,
				638A744D1B236A8200157C64 /* ResultDetailViewController.swift in Sources */,
				63E5FA9A1B23D12C00747E81 /* MapAnnotation.swift in Sources */,
				63DAD72A1B227F8000EDC230 /* GotoMainController.swift in Sources */,
				E904334F1B2411CC0088B8A1 /* FormViewController.swift in Sources */,
				638A744F1B236F3C00157C64 /* HTTPCommunication.swift in Sources */,
				63DAD7041B2278A700EDC230 /* AppDelegate.swift in Sources */,
				63DAD7061B2278A700EDC230 /* FirstViewController.swift in Sources */,
				63B1C1861B236230004459DB /* CameraViewController.swift in Sources */,
				638A744B1B236A4300157C64 /* MapViewController.swift in Sources */,
			);
			runOnlyForDeploymentPostprocessing = 0;
		};
		63DAD7111B2278A800EDC230 /* Sources */ = {
			isa = PBXSourcesBuildPhase;
			buildActionMask = 2147483647;
			files = (
				63DAD71C1B2278A800EDC230 /* fishYouWereHereFinalTests.swift in Sources */,
			);
			runOnlyForDeploymentPostprocessing = 0;
		};
/* End PBXSourcesBuildPhase section */

/* Begin PBXTargetDependency section */
		63DAD7171B2278A800EDC230 /* PBXTargetDependency */ = {
			isa = PBXTargetDependency;
			target = 63DAD6FD1B2278A700EDC230 /* fishYouWereHereFinal */;
			targetProxy = 63DAD7161B2278A800EDC230 /* PBXContainerItemProxy */;
		};
/* End PBXTargetDependency section */

/* Begin PBXVariantGroup section */
		63DAD7091B2278A700EDC230 /* Main.storyboard */ = {
			isa = PBXVariantGroup;
			children = (
				63DAD70A1B2278A700EDC230 /* Base */,
			);
			name = Main.storyboard;
			sourceTree = "<group>";
		};
		63DAD70E1B2278A700EDC230 /* LaunchScreen.xib */ = {
			isa = PBXVariantGroup;
			children = (
				63DAD70F1B2278A700EDC230 /* Base */,
			);
			name = LaunchScreen.xib;
			sourceTree = "<group>";
		};
/* End PBXVariantGroup section */

/* Begin XCBuildConfiguration section */
		63DAD71D1B2278A800EDC230 /* Debug */ = {
			isa = XCBuildConfiguration;
			buildSettings = {
				ALWAYS_SEARCH_USER_PATHS = NO;
				CLANG_CXX_LANGUAGE_STANDARD = "gnu++0x";
				CLANG_CXX_LIBRARY = "libc++";
				CLANG_ENABLE_MODULES = YES;
				CLANG_ENABLE_OBJC_ARC = YES;
				CLANG_WARN_BOOL_CONVERSION = YES;
				CLANG_WARN_CONSTANT_CONVERSION = YES;
				CLANG_WARN_DIRECT_OBJC_ISA_USAGE = YES_ERROR;
				CLANG_WARN_EMPTY_BODY = YES;
				CLANG_WARN_ENUM_CONVERSION = YES;
				CLANG_WARN_INT_CONVERSION = YES;
				CLANG_WARN_OBJC_ROOT_CLASS = YES_ERROR;
				CLANG_WARN_UNREACHABLE_CODE = YES;
				CLANG_WARN__DUPLICATE_METHOD_MATCH = YES;
				"CODE_SIGN_IDENTITY[sdk=iphoneos*]" = "iPhone Developer";
				COPY_PHASE_STRIP = NO;
				DEBUG_INFORMATION_FORMAT = "dwarf-with-dsym";
				ENABLE_STRICT_OBJC_MSGSEND = YES;
				GCC_C_LANGUAGE_STANDARD = gnu99;
				GCC_DYNAMIC_NO_PIC = NO;
				GCC_NO_COMMON_BLOCKS = YES;
				GCC_OPTIMIZATION_LEVEL = 0;
				GCC_PREPROCESSOR_DEFINITIONS = (
					"DEBUG=1",
					"$(inherited)",
				);
				GCC_SYMBOLS_PRIVATE_EXTERN = NO;
				GCC_WARN_64_TO_32_BIT_CONVERSION = YES;
				GCC_WARN_ABOUT_RETURN_TYPE = YES_ERROR;
				GCC_WARN_UNDECLARED_SELECTOR = YES;
				GCC_WARN_UNINITIALIZED_AUTOS = YES_AGGRESSIVE;
				GCC_WARN_UNUSED_FUNCTION = YES;
				GCC_WARN_UNUSED_VARIABLE = YES;
				IPHONEOS_DEPLOYMENT_TARGET = 8.3;
				MTL_ENABLE_DEBUG_INFO = YES;
				ONLY_ACTIVE_ARCH = YES;
				SDKROOT = iphoneos;
				SWIFT_OPTIMIZATION_LEVEL = "-Onone";
			};
			name = Debug;
		};
		63DAD71E1B2278A800EDC230 /* Release */ = {
			isa = XCBuildConfiguration;
			buildSettings = {
				ALWAYS_SEARCH_USER_PATHS = NO;
				CLANG_CXX_LANGUAGE_STANDARD = "gnu++0x";
				CLANG_CXX_LIBRARY = "libc++";
				CLANG_ENABLE_MODULES = YES;
				CLANG_ENABLE_OBJC_ARC = YES;
				CLANG_WARN_BOOL_CONVERSION = YES;
				CLANG_WARN_CONSTANT_CONVERSION = YES;
				CLANG_WARN_DIRECT_OBJC_ISA_USAGE = YES_ERROR;
				CLANG_WARN_EMPTY_BODY = YES;
				CLANG_WARN_ENUM_CONVERSION = YES;
				CLANG_WARN_INT_CONVERSION = YES;
				CLANG_WARN_OBJC_ROOT_CLASS = YES_ERROR;
				CLANG_WARN_UNREACHABLE_CODE = YES;
				CLANG_WARN__DUPLICATE_METHOD_MATCH = YES;
				"CODE_SIGN_IDENTITY[sdk=iphoneos*]" = "iPhone Developer";
				COPY_PHASE_STRIP = NO;
				DEBUG_INFORMATION_FORMAT = "dwarf-with-dsym";
				ENABLE_NS_ASSERTIONS = NO;
				ENABLE_STRICT_OBJC_MSGSEND = YES;
				GCC_C_LANGUAGE_STANDARD = gnu99;
				GCC_NO_COMMON_BLOCKS = YES;
				GCC_WARN_64_TO_32_BIT_CONVERSION = YES;
				GCC_WARN_ABOUT_RETURN_TYPE = YES_ERROR;
				GCC_WARN_UNDECLARED_SELECTOR = YES;
				GCC_WARN_UNINITIALIZED_AUTOS = YES_AGGRESSIVE;
				GCC_WARN_UNUSED_FUNCTION = YES;
				GCC_WARN_UNUSED_VARIABLE = YES;
				IPHONEOS_DEPLOYMENT_TARGET = 8.3;
				MTL_ENABLE_DEBUG_INFO = NO;
				SDKROOT = iphoneos;
				VALIDATE_PRODUCT = YES;
			};
			name = Release;
		};
		63DAD7201B2278A800EDC230 /* Debug */ = {
			isa = XCBuildConfiguration;
			buildSettings = {
				ASSETCATALOG_COMPILER_APPICON_NAME = AppIcon;
				FRAMEWORK_SEARCH_PATHS = (
					"$(inherited)",
					"$(PROJECT_DIR)/fishYouWereHereFinal",
				);
				INFOPLIST_FILE = fishYouWereHereFinal/Info.plist;
				LD_RUNPATH_SEARCH_PATHS = "$(inherited) @executable_path/Frameworks";
				PRODUCT_NAME = "$(TARGET_NAME)";
				SWIFT_OBJC_BRIDGING_HEADER = "fishYouWereHereFinal-Bridging-Header.h";
			};
			name = Debug;
		};
		63DAD7211B2278A800EDC230 /* Release */ = {
			isa = XCBuildConfiguration;
			buildSettings = {
				ASSETCATALOG_COMPILER_APPICON_NAME = AppIcon;
				FRAMEWORK_SEARCH_PATHS = (
					"$(inherited)",
					"$(PROJECT_DIR)/fishYouWereHereFinal",
				);
				INFOPLIST_FILE = fishYouWereHereFinal/Info.plist;
				LD_RUNPATH_SEARCH_PATHS = "$(inherited) @executable_path/Frameworks";
				PRODUCT_NAME = "$(TARGET_NAME)";
				SWIFT_OBJC_BRIDGING_HEADER = "fishYouWereHereFinal-Bridging-Header.h";
			};
			name = Release;
		};
		63DAD7231B2278A800EDC230 /* Debug */ = {
			isa = XCBuildConfiguration;
			buildSettings = {
				BUNDLE_LOADER = "$(TEST_HOST)";
				FRAMEWORK_SEARCH_PATHS = (
					"$(SDKROOT)/Developer/Library/Frameworks",
					"$(inherited)",
				);
				GCC_PREPROCESSOR_DEFINITIONS = (
					"DEBUG=1",
					"$(inherited)",
				);
				INFOPLIST_FILE = fishYouWereHereFinalTests/Info.plist;
				LD_RUNPATH_SEARCH_PATHS = "$(inherited) @executable_path/Frameworks @loader_path/Frameworks";
				PRODUCT_NAME = "$(TARGET_NAME)";
				TEST_HOST = "$(BUILT_PRODUCTS_DIR)/fishYouWereHereFinal.app/fishYouWereHereFinal";
			};
			name = Debug;
		};
		63DAD7241B2278A800EDC230 /* Release */ = {
			isa = XCBuildConfiguration;
			buildSettings = {
				BUNDLE_LOADER = "$(TEST_HOST)";
				FRAMEWORK_SEARCH_PATHS = (
					"$(SDKROOT)/Developer/Library/Frameworks",
					"$(inherited)",
				);
				INFOPLIST_FILE = fishYouWereHereFinalTests/Info.plist;
				LD_RUNPATH_SEARCH_PATHS = "$(inherited) @executable_path/Frameworks @loader_path/Frameworks";
				PRODUCT_NAME = "$(TARGET_NAME)";
				TEST_HOST = "$(BUILT_PRODUCTS_DIR)/fishYouWereHereFinal.app/fishYouWereHereFinal";
			};
			name = Release;
		};
/* End XCBuildConfiguration section */

/* Begin XCConfigurationList section */
		63DAD6F91B2278A700EDC230 /* Build configuration list for PBXProject "fishYouWereHereFinal" */ = {
			isa = XCConfigurationList;
			buildConfigurations = (
				63DAD71D1B2278A800EDC230 /* Debug */,
				63DAD71E1B2278A800EDC230 /* Release */,
			);
			defaultConfigurationIsVisible = 0;
			defaultConfigurationName = Release;
		};
		63DAD71F1B2278A800EDC230 /* Build configuration list for PBXNativeTarget "fishYouWereHereFinal" */ = {
			isa = XCConfigurationList;
			buildConfigurations = (
				63DAD7201B2278A800EDC230 /* Debug */,
				63DAD7211B2278A800EDC230 /* Release */,
			);
			defaultConfigurationIsVisible = 0;
			defaultConfigurationName = Release;
		};
		63DAD7221B2278A800EDC230 /* Build configuration list for PBXNativeTarget "fishYouWereHereFinalTests" */ = {
			isa = XCConfigurationList;
			buildConfigurations = (
				63DAD7231B2278A800EDC230 /* Debug */,
				63DAD7241B2278A800EDC230 /* Release */,
			);
			defaultConfigurationIsVisible = 0;
			defaultConfigurationName = Release;
		};
/* End XCConfigurationList section */
	};
	rootObject = 63DAD6F61B2278A700EDC230 /* Project object */;
}
